
Microsoft Visual Studio Solution File, Format Version 12.00
# Visual Studio Version 16
VisualStudioVersion = 16.0.30804.86
MinimumVisualStudioVersion = 10.0.40219.1
Project("{8BC9CEB8-8B4A-11D0-8D11-00A0C91BC942}") = "DesktopApp", "DesktopApp\DesktopApp.vcxproj", "{95BFF2EC-6D6C-44FE-9D87-E6DC0C87C62B}"
EndProject
Global
	GlobalSection(SolutionConfigurationPlatforms) = preSolution
		Debug|x64 = Debug|x64
		Debug|x86 = Debug|x86
		Release|x64 = Release|x64
		Release|x86 = Release|x86
	EndGlobalSection
	GlobalSection(ProjectConfigurationPlatforms) = postSolution
		{95BFF2EC-6D6C-44FE-9D87-E6DC0C87C62B}.Debug|x64.ActiveCfg = Debug|x64
		{95BFF2EC-6D6C-44FE-9D87-E6DC0C87C62B}.Debug|x64.Build.0 = Debug|x64
		{95BFF2EC-6D6C-44FE-9D87-E6DC0C87C62B}.Debug|x86.ActiveCfg = Debug|Win32
		{95BFF2EC-6D6C-44FE-9D87-E6DC0C87C62B}.Debug|x86.Build.0 = Debug|Win32
		{95BFF2EC-6D6C-44FE-9D87-E6DC0C87C62B}.Release|x64.ActiveCfg = Release|x64
		{95BFF2EC-6D6C-44FE-9D87-E6DC0C87C62B}.Release|x64.Build.0 = Release|x64
		{95BFF2EC-6D6C-44FE-9D87-E6DC0C87C62B}.Release|x86.ActiveCfg = Release|Win32
		{95BFF2EC-6D6C-44FE-9D87-E6DC0C87C62B}.Release|x86.Build.0 = Release|Win32
	EndGlobalSection
	GlobalSection(SolutionProperties) = preSolution
		HideSolutionNode = FALSE
	EndGlobalSection
	GlobalSection(ExtensibilityGlobals) = postSolution
		SolutionGuid = {6F7CDB9D-270D-4E42-A9B9-B1C697BC6F77}
	EndGlobalSection
EndGlobal
