
Microsoft Visual Studio Solution File, Format Version 12.00
# Visual Studio Version 16
VisualStudioVersion = 16.0.30804.86
MinimumVisualStudioVersion = 10.0.40219.1
Project("{8BC9CEB8-8B4A-11D0-8D11-00A0C91BC942}") = "20211101_Practica7", "20211101_Practica7\20211101_Practica7.vcxproj", "{D0A95CCD-B658-4610-984D-9EE32B9A5284}"
EndProject
Global
	GlobalSection(SolutionConfigurationPlatforms) = preSolution
		Debug|x64 = Debug|x64
		Debug|x86 = Debug|x86
		Release|x64 = Release|x64
		Release|x86 = Release|x86
	EndGlobalSection
	GlobalSection(ProjectConfigurationPlatforms) = postSolution
		{D0A95CCD-B658-4610-984D-9EE32B9A5284}.Debug|x64.ActiveCfg = Debug|x64
		{D0A95CCD-B658-4610-984D-9EE32B9A5284}.Debug|x64.Build.0 = Debug|x64
		{D0A95CCD-B658-4610-984D-9EE32B9A5284}.Debug|x86.ActiveCfg = Debug|Win32
		{D0A95CCD-B658-4610-984D-9EE32B9A5284}.Debug|x86.Build.0 = Debug|Win32
		{D0A95CCD-B658-4610-984D-9EE32B9A5284}.Release|x64.ActiveCfg = Release|x64
		{D0A95CCD-B658-4610-984D-9EE32B9A5284}.Release|x64.Build.0 = Release|x64
		{D0A95CCD-B658-4610-984D-9EE32B9A5284}.Release|x86.ActiveCfg = Release|Win32
		{D0A95CCD-B658-4610-984D-9EE32B9A5284}.Release|x86.Build.0 = Release|Win32
	EndGlobalSection
	GlobalSection(SolutionProperties) = preSolution
		HideSolutionNode = FALSE
	EndGlobalSection
	GlobalSection(ExtensibilityGlobals) = postSolution
		SolutionGuid = {00055D8C-F56C-4CB6-8FA5-5C020DAA0F92}
	EndGlobalSection
EndGlobal
